
Microsoft Visual Studio Solution File, Format Version 12.00
# Visual Studio 15
VisualStudioVersion = 15.0.27703.2042
MinimumVisualStudioVersion = 10.0.40219.1
Project("{FAE04EC0-301F-11D3-BF4B-00C04F79EFBC}") = "CoolBreeze.Android", "CoolBreeze\CoolBreeze.Android\CoolBreeze.Android.csproj", "{53784621-8752-46AF-8CBD-E2CA44625436}"
EndProject
Project("{FAE04EC0-301F-11D3-BF4B-00C04F79EFBC}") = "CoolBreeze.iOS", "CoolBreeze\CoolBreeze.iOS\CoolBreeze.iOS.csproj", "{2A1CEE34-01A3-4145-ADE3-F6419C653237}"
EndProject
Project("{FAE04EC0-301F-11D3-BF4B-00C04F79EFBC}") = "CoolBreeze.UWP", "CoolBreeze\CoolBreeze.UWP\CoolBreeze.UWP.csproj", "{E7383F60-2E2B-4796-B93B-8F0AF6B28CA1}"
EndProject
Project("{FAE04EC0-301F-11D3-BF4B-00C04F79EFBC}") = "CoolBreeze", "CoolBreeze\CoolBreeze\CoolBreeze.csproj", "{38CC53EC-E946-4720-ABE7-B4731606ED3F}"
EndProject
Global
	GlobalSection(SolutionConfigurationPlatforms) = preSolution
		Ad-Hoc|Any CPU = Ad-Hoc|Any CPU
		Ad-Hoc|ARM = Ad-Hoc|ARM
		Ad-Hoc|iPhone = Ad-Hoc|iPhone
		Ad-Hoc|iPhoneSimulator = Ad-Hoc|iPhoneSimulator
		Ad-Hoc|x64 = Ad-Hoc|x64
		Ad-Hoc|x86 = Ad-Hoc|x86
		AppStore|Any CPU = AppStore|Any CPU
		AppStore|ARM = AppStore|ARM
		AppStore|iPhone = AppStore|iPhone
		AppStore|iPhoneSimulator = AppStore|iPhoneSimulator
		AppStore|x64 = AppStore|x64
		AppStore|x86 = AppStore|x86
		Debug|Any CPU = Debug|Any CPU
		Debug|ARM = Debug|ARM
		Debug|iPhone = Debug|iPhone
		Debug|iPhoneSimulator = Debug|iPhoneSimulator
		Debug|x64 = Debug|x64
		Debug|x86 = Debug|x86
		Release|Any CPU = Release|Any CPU
		Release|ARM = Release|ARM
		Release|iPhone = Release|iPhone
		Release|iPhoneSimulator = Release|iPhoneSimulator
		Release|x64 = Release|x64
		Release|x86 = Release|x86
	EndGlobalSection
	GlobalSection(ProjectConfigurationPlatforms) = postSolution
		{53784621-8752-46AF-8CBD-E2CA44625436}.Ad-Hoc|Any CPU.ActiveCfg = Release|Any CPU
		{53784621-8752-46AF-8CBD-E2CA44625436}.Ad-Hoc|Any CPU.Build.0 = Release|Any CPU
		{53784621-8752-46AF-8CBD-E2CA44625436}.Ad-Hoc|Any CPU.Deploy.0 = Release|Any CPU
		{53784621-8752-46AF-8CBD-E2CA44625436}.Ad-Hoc|ARM.ActiveCfg = Release|Any CPU
		{53784621-8752-46AF-8CBD-E2CA44625436}.Ad-Hoc|ARM.Build.0 = Release|Any CPU
		{53784621-8752-46AF-8CBD-E2CA44625436}.Ad-Hoc|ARM.Deploy.0 = Release|Any CPU
		{53784621-8752-46AF-8CBD-E2CA44625436}.Ad-Hoc|iPhone.ActiveCfg = Release|Any CPU
		{53784621-8752-46AF-8CBD-E2CA44625436}.Ad-Hoc|iPhone.Build.0 = Release|Any CPU
		{53784621-8752-46AF-8CBD-E2CA44625436}.Ad-Hoc|iPhone.Deploy.0 = Release|Any CPU
		{53784621-8752-46AF-8CBD-E2CA44625436}.Ad-Hoc|iPhoneSimulator.ActiveCfg = Release|Any CPU
		{53784621-8752-46AF-8CBD-E2CA44625436}.Ad-Hoc|iPhoneSimulator.Build.0 = Release|Any CPU
		{53784621-8752-46AF-8CBD-E2CA44625436}.Ad-Hoc|iPhoneSimulator.Deploy.0 = Release|Any CPU
		{53784621-8752-46AF-8CBD-E2CA44625436}.Ad-Hoc|x64.ActiveCfg = Release|Any CPU
		{53784621-8752-46AF-8CBD-E2CA44625436}.Ad-Hoc|x64.Build.0 = Release|Any CPU
		{53784621-8752-46AF-8CBD-E2CA44625436}.Ad-Hoc|x64.Deploy.0 = Release|Any CPU
		{53784621-8752-46AF-8CBD-E2CA44625436}.Ad-Hoc|x86.ActiveCfg = Release|Any CPU
		{53784621-8752-46AF-8CBD-E2CA44625436}.Ad-Hoc|x86.Build.0 = Release|Any CPU
		{53784621-8752-46AF-8CBD-E2CA44625436}.Ad-Hoc|x86.Deploy.0 = Release|Any CPU
		{53784621-8752-46AF-8CBD-E2CA44625436}.AppStore|Any CPU.ActiveCfg = Release|Any CPU
		{53784621-8752-46AF-8CBD-E2CA44625436}.AppStore|Any CPU.Build.0 = Release|Any CPU
		{53784621-8752-46AF-8CBD-E2CA44625436}.AppStore|Any CPU.Deploy.0 = Release|Any CPU
		{53784621-8752-46AF-8CBD-E2CA44625436}.AppStore|ARM.ActiveCfg = Release|Any CPU
		{53784621-8752-46AF-8CBD-E2CA44625436}.AppStore|ARM.Build.0 = Release|Any CPU
		{53784621-8752-46AF-8CBD-E2CA44625436}.AppStore|ARM.Deploy.0 = Release|Any CPU
		{53784621-8752-46AF-8CBD-E2CA44625436}.AppStore|iPhone.ActiveCfg = Release|Any CPU
		{53784621-8752-46AF-8CBD-E2CA44625436}.AppStore|iPhone.Build.0 = Release|Any CPU
		{53784621-8752-46AF-8CBD-E2CA44625436}.AppStore|iPhone.Deploy.0 = Release|Any CPU
		{53784621-8752-46AF-8CBD-E2CA44625436}.AppStore|iPhoneSimulator.ActiveCfg = Release|Any CPU
		{53784621-8752-46AF-8CBD-E2CA44625436}.AppStore|iPhoneSimulator.Build.0 = Release|Any CPU
		{53784621-8752-46AF-8CBD-E2CA44625436}.AppStore|iPhoneSimulator.Deploy.0 = Release|Any CPU
		{53784621-8752-46AF-8CBD-E2CA44625436}.AppStore|x64.ActiveCfg = Release|Any CPU
		{53784621-8752-46AF-8CBD-E2CA44625436}.AppStore|x64.Build.0 = Release|Any CPU
		{53784621-8752-46AF-8CBD-E2CA44625436}.AppStore|x64.Deploy.0 = Release|Any CPU
		{53784621-8752-46AF-8CBD-E2CA44625436}.AppStore|x86.ActiveCfg = Release|Any CPU
		{53784621-8752-46AF-8CBD-E2CA44625436}.AppStore|x86.Build.0 = Release|Any CPU
		{53784621-8752-46AF-8CBD-E2CA44625436}.AppStore|x86.Deploy.0 = Release|Any CPU
		{53784621-8752-46AF-8CBD-E2CA44625436}.Debug|Any CPU.ActiveCfg = Debug|Any CPU
		{53784621-8752-46AF-8CBD-E2CA44625436}.Debug|Any CPU.Build.0 = Debug|Any CPU
		{53784621-8752-46AF-8CBD-E2CA44625436}.Debug|Any CPU.Deploy.0 = Debug|Any CPU
		{53784621-8752-46AF-8CBD-E2CA44625436}.Debug|ARM.ActiveCfg = Debug|Any CPU
		{53784621-8752-46AF-8CBD-E2CA44625436}.Debug|ARM.Build.0 = Debug|Any CPU
		{53784621-8752-46AF-8CBD-E2CA44625436}.Debug|ARM.Deploy.0 = Debug|Any CPU
		{53784621-8752-46AF-8CBD-E2CA44625436}.Debug|iPhone.ActiveCfg = Debug|Any CPU
		{53784621-8752-46AF-8CBD-E2CA44625436}.Debug|iPhone.Build.0 = Debug|Any CPU
		{53784621-8752-46AF-8CBD-E2CA44625436}.Debug|iPhone.Deploy.0 = Debug|Any CPU
		{53784621-8752-46AF-8CBD-E2CA44625436}.Debug|iPhoneSimulator.ActiveCfg = Debug|Any CPU
		{53784621-8752-46AF-8CBD-E2CA44625436}.Debug|iPhoneSimulator.Build.0 = Debug|Any CPU
		{53784621-8752-46AF-8CBD-E2CA44625436}.Debug|iPhoneSimulator.Deploy.0 = Debug|Any CPU
		{53784621-8752-46AF-8CBD-E2CA44625436}.Debug|x64.ActiveCfg = Debug|Any CPU
		{53784621-8752-46AF-8CBD-E2CA44625436}.Debug|x64.Build.0 = Debug|Any CPU
		{53784621-8752-46AF-8CBD-E2CA44625436}.Debug|x64.Deploy.0 = Debug|Any CPU
		{53784621-8752-46AF-8CBD-E2CA44625436}.Debug|x86.ActiveCfg = Debug|Any CPU
		{53784621-8752-46AF-8CBD-E2CA44625436}.Debug|x86.Build.0 = Debug|Any CPU
		{53784621-8752-46AF-8CBD-E2CA44625436}.Debug|x86.Deploy.0 = Debug|Any CPU
		{53784621-8752-46AF-8CBD-E2CA44625436}.Release|Any CPU.ActiveCfg = Release|Any CPU
		{53784621-8752-46AF-8CBD-E2CA44625436}.Release|Any CPU.Build.0 = Release|Any CPU
		{53784621-8752-46AF-8CBD-E2CA44625436}.Release|Any CPU.Deploy.0 = Release|Any CPU
		{53784621-8752-46AF-8CBD-E2CA44625436}.Release|ARM.ActiveCfg = Release|Any CPU
		{53784621-8752-46AF-8CBD-E2CA44625436}.Release|ARM.Build.0 = Release|Any CPU
		{53784621-8752-46AF-8CBD-E2CA44625436}.Release|ARM.Deploy.0 = Release|Any CPU
		{53784621-8752-46AF-8CBD-E2CA44625436}.Release|iPhone.ActiveCfg = Release|Any CPU
		{53784621-8752-46AF-8CBD-E2CA44625436}.Release|iPhone.Build.0 = Release|Any CPU
		{53784621-8752-46AF-8CBD-E2CA44625436}.Release|iPhone.Deploy.0 = Release|Any CPU
		{53784621-8752-46AF-8CBD-E2CA44625436}.Release|iPhoneSimulator.ActiveCfg = Release|Any CPU
		{53784621-8752-46AF-8CBD-E2CA44625436}.Release|iPhoneSimulator.Build.0 = Release|Any CPU
		{53784621-8752-46AF-8CBD-E2CA44625436}.Release|iPhoneSimulator.Deploy.0 = Release|Any CPU
		{53784621-8752-46AF-8CBD-E2CA44625436}.Release|x64.ActiveCfg = Release|Any CPU
		{53784621-8752-46AF-8CBD-E2CA44625436}.Release|x64.Build.0 = Release|Any CPU
		{53784621-8752-46AF-8CBD-E2CA44625436}.Release|x64.Deploy.0 = Release|Any CPU
		{53784621-8752-46AF-8CBD-E2CA44625436}.Release|x86.ActiveCfg = Release|Any CPU
		{53784621-8752-46AF-8CBD-E2CA44625436}.Release|x86.Build.0 = Release|Any CPU
		{53784621-8752-46AF-8CBD-E2CA44625436}.Release|x86.Deploy.0 = Release|Any CPU
		{2A1CEE34-01A3-4145-ADE3-F6419C653237}.Ad-Hoc|Any CPU.ActiveCfg = Ad-Hoc|iPhone
		{2A1CEE34-01A3-4145-ADE3-F6419C653237}.Ad-Hoc|Any CPU.Build.0 = Ad-Hoc|iPhone
		{2A1CEE34-01A3-4145-ADE3-F6419C653237}.Ad-Hoc|Any CPU.Deploy.0 = Ad-Hoc|iPhone
		{2A1CEE34-01A3-4145-ADE3-F6419C653237}.Ad-Hoc|ARM.ActiveCfg = Ad-Hoc|iPhone
		{2A1CEE34-01A3-4145-ADE3-F6419C653237}.Ad-Hoc|ARM.Build.0 = Ad-Hoc|iPhone
		{2A1CEE34-01A3-4145-ADE3-F6419C653237}.Ad-Hoc|ARM.Deploy.0 = Ad-Hoc|iPhone
		{2A1CEE34-01A3-4145-ADE3-F6419C653237}.Ad-Hoc|iPhone.ActiveCfg = Ad-Hoc|iPhone
		{2A1CEE34-01A3-4145-ADE3-F6419C653237}.Ad-Hoc|iPhone.Build.0 = Ad-Hoc|iPhone
		{2A1CEE34-01A3-4145-ADE3-F6419C653237}.Ad-Hoc|iPhone.Deploy.0 = Ad-Hoc|iPhone
		{2A1CEE34-01A3-4145-ADE3-F6419C653237}.Ad-Hoc|iPhoneSimulator.ActiveCfg = Ad-Hoc|iPhoneSimulator
		{2A1CEE34-01A3-4145-ADE3-F6419C653237}.Ad-Hoc|iPhoneSimulator.Build.0 = Ad-Hoc|iPhoneSimulator
		{2A1CEE34-01A3-4145-ADE3-F6419C653237}.Ad-Hoc|iPhoneSimulator.Deploy.0 = Ad-Hoc|iPhoneSimulator
		{2A1CEE34-01A3-4145-ADE3-F6419C653237}.Ad-Hoc|x64.ActiveCfg = Ad-Hoc|iPhone
		{2A1CEE34-01A3-4145-ADE3-F6419C653237}.Ad-Hoc|x64.Build.0 = Ad-Hoc|iPhone
		{2A1CEE34-01A3-4145-ADE3-F6419C653237}.Ad-Hoc|x64.Deploy.0 = Ad-Hoc|iPhone
		{2A1CEE34-01A3-4145-ADE3-F6419C653237}.Ad-Hoc|x86.ActiveCfg = Ad-Hoc|iPhone
		{2A1CEE34-01A3-4145-ADE3-F6419C653237}.Ad-Hoc|x86.Build.0 = Ad-Hoc|iPhone
		{2A1CEE34-01A3-4145-ADE3-F6419C653237}.Ad-Hoc|x86.Deploy.0 = Ad-Hoc|iPhone
		{2A1CEE34-01A3-4145-ADE3-F6419C653237}.AppStore|Any CPU.ActiveCfg = AppStore|iPhone
		{2A1CEE34-01A3-4145-ADE3-F6419C653237}.AppStore|Any CPU.Build.0 = AppStore|iPhone
		{2A1CEE34-01A3-4145-ADE3-F6419C653237}.AppStore|Any CPU.Deploy.0 = AppStore|iPhone
		{2A1CEE34-01A3-4145-ADE3-F6419C653237}.AppStore|ARM.ActiveCfg = AppStore|iPhone
		{2A1CEE34-01A3-4145-ADE3-F6419C653237}.AppStore|ARM.Build.0 = AppStore|iPhone
		{2A1CEE34-01A3-4145-ADE3-F6419C653237}.AppStore|ARM.Deploy.0 = AppStore|iPhone
		{2A1CEE34-01A3-4145-ADE3-F6419C653237}.AppStore|iPhone.ActiveCfg = AppStore|iPhone
		{2A1CEE34-01A3-4145-ADE3-F6419C653237}.AppStore|iPhone.Build.0 = AppStore|iPhone
		{2A1CEE34-01A3-4145-ADE3-F6419C653237}.AppStore|iPhone.Deploy.0 = AppStore|iPhone
		{2A1CEE34-01A3-4145-ADE3-F6419C653237}.AppStore|iPhoneSimulator.ActiveCfg = AppStore|iPhoneSimulator
		{2A1CEE34-01A3-4145-ADE3-F6419C653237}.AppStore|iPhoneSimulator.Build.0 = AppStore|iPhoneSimulator
		{2A1CEE34-01A3-4145-ADE3-F6419C653237}.AppStore|iPhoneSimulator.Deploy.0 = AppStore|iPhoneSimulator
		{2A1CEE34-01A3-4145-ADE3-F6419C653237}.AppStore|x64.ActiveCfg = AppStore|iPhone
		{2A1CEE34-01A3-4145-ADE3-F6419C653237}.AppStore|x64.Build.0 = AppStore|iPhone
		{2A1CEE34-01A3-4145-ADE3-F6419C653237}.AppStore|x64.Deploy.0 = AppStore|iPhone
		{2A1CEE34-01A3-4145-ADE3-F6419C653237}.AppStore|x86.ActiveCfg = AppStore|iPhone
		{2A1CEE34-01A3-4145-ADE3-F6419C653237}.AppStore|x86.Build.0 = AppStore|iPhone
		{2A1CEE34-01A3-4145-ADE3-F6419C653237}.AppStore|x86.Deploy.0 = AppStore|iPhone
		{2A1CEE34-01A3-4145-ADE3-F6419C653237}.Debug|Any CPU.ActiveCfg = Debug|iPhoneSimulator
		{2A1CEE34-01A3-4145-ADE3-F6419C653237}.Debug|Any CPU.Build.0 = Debug|iPhoneSimulator
		{2A1CEE34-01A3-4145-ADE3-F6419C653237}.Debug|Any CPU.Deploy.0 = Debug|iPhoneSimulator
		{2A1CEE34-01A3-4145-ADE3-F6419C653237}.Debug|ARM.ActiveCfg = Debug|iPhone
		{2A1CEE34-01A3-4145-ADE3-F6419C653237}.Debug|ARM.Build.0 = Debug|iPhone
		{2A1CEE34-01A3-4145-ADE3-F6419C653237}.Debug|ARM.Deploy.0 = Debug|iPhone
		{2A1CEE34-01A3-4145-ADE3-F6419C653237}.Debug|iPhone.ActiveCfg = Debug|iPhone
		{2A1CEE34-01A3-4145-ADE3-F6419C653237}.Debug|iPhone.Build.0 = Debug|iPhone
		{2A1CEE34-01A3-4145-ADE3-F6419C653237}.Debug|iPhone.Deploy.0 = Debug|iPhone
		{2A1CEE34-01A3-4145-ADE3-F6419C653237}.Debug|iPhoneSimulator.ActiveCfg = Debug|iPhoneSimulator
		{2A1CEE34-01A3-4145-ADE3-F6419C653237}.Debug|iPhoneSimulator.Build.0 = Debug|iPhoneSimulator
		{2A1CEE34-01A3-4145-ADE3-F6419C653237}.Debug|iPhoneSimulator.Deploy.0 = Debug|iPhoneSimulator
		{2A1CEE34-01A3-4145-ADE3-F6419C653237}.Debug|x64.ActiveCfg = Debug|iPhone
		{2A1CEE34-01A3-4145-ADE3-F6419C653237}.Debug|x64.Build.0 = Debug|iPhone
		{2A1CEE34-01A3-4145-ADE3-F6419C653237}.Debug|x64.Deploy.0 = Debug|iPhone
		{2A1CEE34-01A3-4145-ADE3-F6419C653237}.Debug|x86.ActiveCfg = Debug|iPhone
		{2A1CEE34-01A3-4145-ADE3-F6419C653237}.Debug|x86.Build.0 = Debug|iPhone
		{2A1CEE34-01A3-4145-ADE3-F6419C653237}.Debug|x86.Deploy.0 = Debug|iPhone
		{2A1CEE34-01A3-4145-ADE3-F6419C653237}.Release|Any CPU.ActiveCfg = Release|iPhone
		{2A1CEE34-01A3-4145-ADE3-F6419C653237}.Release|Any CPU.Build.0 = Release|iPhone
		{2A1CEE34-01A3-4145-ADE3-F6419C653237}.Release|Any CPU.Deploy.0 = Release|iPhone
		{2A1CEE34-01A3-4145-ADE3-F6419C653237}.Release|ARM.ActiveCfg = Release|iPhone
		{2A1CEE34-01A3-4145-ADE3-F6419C653237}.Release|ARM.Build.0 = Release|iPhone
		{2A1CEE34-01A3-4145-ADE3-F6419C653237}.Release|ARM.Deploy.0 = Release|iPhone
		{2A1CEE34-01A3-4145-ADE3-F6419C653237}.Release|iPhone.ActiveCfg = Release|iPhone
		{2A1CEE34-01A3-4145-ADE3-F6419C653237}.Release|iPhone.Build.0 = Release|iPhone
		{2A1CEE34-01A3-4145-ADE3-F6419C653237}.Release|iPhone.Deploy.0 = Release|iPhone
		{2A1CEE34-01A3-4145-ADE3-F6419C653237}.Release|iPhoneSimulator.ActiveCfg = Release|iPhoneSimulator
		{2A1CEE34-01A3-4145-ADE3-F6419C653237}.Release|iPhoneSimulator.Build.0 = Release|iPhoneSimulator
		{2A1CEE34-01A3-4145-ADE3-F6419C653237}.Release|iPhoneSimulator.Deploy.0 = Release|iPhoneSimulator
		{2A1CEE34-01A3-4145-ADE3-F6419C653237}.Release|x64.ActiveCfg = Release|iPhone
		{2A1CEE34-01A3-4145-ADE3-F6419C653237}.Release|x64.Build.0 = Release|iPhone
		{2A1CEE34-01A3-4145-ADE3-F6419C653237}.Release|x64.Deploy.0 = Release|iPhone
		{2A1CEE34-01A3-4145-ADE3-F6419C653237}.Release|x86.ActiveCfg = Release|iPhone
		{2A1CEE34-01A3-4145-ADE3-F6419C653237}.Release|x86.Build.0 = Release|iPhone
		{2A1CEE34-01A3-4145-ADE3-F6419C653237}.Release|x86.Deploy.0 = Release|iPhone
		{E7383F60-2E2B-4796-B93B-8F0AF6B28CA1}.Ad-Hoc|Any CPU.ActiveCfg = Release|x86
		{E7383F60-2E2B-4796-B93B-8F0AF6B28CA1}.Ad-Hoc|Any CPU.Build.0 = Release|x86
		{E7383F60-2E2B-4796-B93B-8F0AF6B28CA1}.Ad-Hoc|Any CPU.Deploy.0 = Release|x86
		{E7383F60-2E2B-4796-B93B-8F0AF6B28CA1}.Ad-Hoc|ARM.ActiveCfg = Release|ARM
		{E7383F60-2E2B-4796-B93B-8F0AF6B28CA1}.Ad-Hoc|ARM.Build.0 = Release|ARM
		{E7383F60-2E2B-4796-B93B-8F0AF6B28CA1}.Ad-Hoc|ARM.Deploy.0 = Release|ARM
		{E7383F60-2E2B-4796-B93B-8F0AF6B28CA1}.Ad-Hoc|iPhone.ActiveCfg = Release|x86
		{E7383F60-2E2B-4796-B93B-8F0AF6B28CA1}.Ad-Hoc|iPhone.Build.0 = Release|x86
		{E7383F60-2E2B-4796-B93B-8F0AF6B28CA1}.Ad-Hoc|iPhone.Deploy.0 = Release|x86
		{E7383F60-2E2B-4796-B93B-8F0AF6B28CA1}.Ad-Hoc|iPhoneSimulator.ActiveCfg = Release|x86
		{E7383F60-2E2B-4796-B93B-8F0AF6B28CA1}.Ad-Hoc|iPhoneSimulator.Build.0 = Release|x86
		{E7383F60-2E2B-4796-B93B-8F0AF6B28CA1}.Ad-Hoc|iPhoneSimulator.Deploy.0 = Release|x86
		{E7383F60-2E2B-4796-B93B-8F0AF6B28CA1}.Ad-Hoc|x64.ActiveCfg = Release|x64
		{E7383F60-2E2B-4796-B93B-8F0AF6B28CA1}.Ad-Hoc|x64.Build.0 = Release|x64
		{E7383F60-2E2B-4796-B93B-8F0AF6B28CA1}.Ad-Hoc|x64.Deploy.0 = Release|x64
		{E7383F60-2E2B-4796-B93B-8F0AF6B28CA1}.Ad-Hoc|x86.ActiveCfg = Release|x86
		{E7383F60-2E2B-4796-B93B-8F0AF6B28CA1}.Ad-Hoc|x86.Build.0 = Release|x86
		{E7383F60-2E2B-4796-B93B-8F0AF6B28CA1}.Ad-Hoc|x86.Deploy.0 = Release|x86
		{E7383F60-2E2B-4796-B93B-8F0AF6B28CA1}.AppStore|Any CPU.ActiveCfg = Release|x86
		{E7383F60-2E2B-4796-B93B-8F0AF6B28CA1}.AppStore|Any CPU.Build.0 = Release|x86
		{E7383F60-2E2B-4796-B93B-8F0AF6B28CA1}.AppStore|Any CPU.Deploy.0 = Release|x86
		{E7383F60-2E2B-4796-B93B-8F0AF6B28CA1}.AppStore|ARM.ActiveCfg = Release|ARM
		{E7383F60-2E2B-4796-B93B-8F0AF6B28CA1}.AppStore|ARM.Build.0 = Release|ARM
		{E7383F60-2E2B-4796-B93B-8F0AF6B28CA1}.AppStore|ARM.Deploy.0 = Release|ARM
		{E7383F60-2E2B-4796-B93B-8F0AF6B28CA1}.AppStore|iPhone.ActiveCfg = Release|x86
		{E7383F60-2E2B-4796-B93B-8F0AF6B28CA1}.AppStore|iPhone.Build.0 = Release|x86
		{E7383F60-2E2B-4796-B93B-8F0AF6B28CA1}.AppStore|iPhone.Deploy.0 = Release|x86
		{E7383F60-2E2B-4796-B93B-8F0AF6B28CA1}.AppStore|iPhoneSimulator.ActiveCfg = Release|x86
		{E7383F60-2E2B-4796-B93B-8F0AF6B28CA1}.AppStore|iPhoneSimulator.Build.0 = Release|x86
		{E7383F60-2E2B-4796-B93B-8F0AF6B28CA1}.AppStore|iPhoneSimulator.Deploy.0 = Release|x86
		{E7383F60-2E2B-4796-B93B-8F0AF6B28CA1}.AppStore|x64.ActiveCfg = Release|x64
		{E7383F60-2E2B-4796-B93B-8F0AF6B28CA1}.AppStore|x64.Build.0 = Release|x64
		{E7383F60-2E2B-4796-B93B-8F0AF6B28CA1}.AppStore|x64.Deploy.0 = Release|x64
		{E7383F60-2E2B-4796-B93B-8F0AF6B28CA1}.AppStore|x86.ActiveCfg = Release|x86
		{E7383F60-2E2B-4796-B93B-8F0AF6B28CA1}.AppStore|x86.Build.0 = Release|x86
		{E7383F60-2E2B-4796-B93B-8F0AF6B28CA1}.AppStore|x86.Deploy.0 = Release|x86
		{E7383F60-2E2B-4796-B93B-8F0AF6B28CA1}.Debug|Any CPU.ActiveCfg = Debug|x86
		{E7383F60-2E2B-4796-B93B-8F0AF6B28CA1}.Debug|Any CPU.Build.0 = Debug|x86
		{E7383F60-2E2B-4796-B93B-8F0AF6B28CA1}.Debug|Any CPU.Deploy.0 = Debug|x86
		{E7383F60-2E2B-4796-B93B-8F0AF6B28CA1}.Debug|ARM.ActiveCfg = Debug|ARM
		{E7383F60-2E2B-4796-B93B-8F0AF6B28CA1}.Debug|ARM.Build.0 = Debug|ARM
		{E7383F60-2E2B-4796-B93B-8F0AF6B28CA1}.Debug|ARM.Deploy.0 = Debug|ARM
		{E7383F60-2E2B-4796-B93B-8F0AF6B28CA1}.Debug|iPhone.ActiveCfg = Debug|x86
		{E7383F60-2E2B-4796-B93B-8F0AF6B28CA1}.Debug|iPhone.Build.0 = Debug|x86
		{E7383F60-2E2B-4796-B93B-8F0AF6B28CA1}.Debug|iPhone.Deploy.0 = Debug|x86
		{E7383F60-2E2B-4796-B93B-8F0AF6B28CA1}.Debug|iPhoneSimulator.ActiveCfg = Debug|x86
		{E7383F60-2E2B-4796-B93B-8F0AF6B28CA1}.Debug|iPhoneSimulator.Build.0 = Debug|x86
		{E7383F60-2E2B-4796-B93B-8F0AF6B28CA1}.Debug|iPhoneSimulator.Deploy.0 = Debug|x86
		{E7383F60-2E2B-4796-B93B-8F0AF6B28CA1}.Debug|x64.ActiveCfg = Debug|x64
		{E7383F60-2E2B-4796-B93B-8F0AF6B28CA1}.Debug|x64.Build.0 = Debug|x64
		{E7383F60-2E2B-4796-B93B-8F0AF6B28CA1}.Debug|x64.Deploy.0 = Debug|x64
		{E7383F60-2E2B-4796-B93B-8F0AF6B28CA1}.Debug|x86.ActiveCfg = Debug|x86
		{E7383F60-2E2B-4796-B93B-8F0AF6B28CA1}.Debug|x86.Build.0 = Debug|x86
		{E7383F60-2E2B-4796-B93B-8F0AF6B28CA1}.Debug|x86.Deploy.0 = Debug|x86
		{E7383F60-2E2B-4796-B93B-8F0AF6B28CA1}.Release|Any CPU.ActiveCfg = Release|x86
		{E7383F60-2E2B-4796-B93B-8F0AF6B28CA1}.Release|Any CPU.Build.0 = Release|x86
		{E7383F60-2E2B-4796-B93B-8F0AF6B28CA1}.Release|Any CPU.Deploy.0 = Release|x86
		{E7383F60-2E2B-4796-B93B-8F0AF6B28CA1}.Release|ARM.ActiveCfg = Release|ARM
		{E7383F60-2E2B-4796-B93B-8F0AF6B28CA1}.Release|ARM.Build.0 = Release|ARM
		{E7383F60-2E2B-4796-B93B-8F0AF6B28CA1}.Release|ARM.Deploy.0 = Release|ARM
		{E7383F60-2E2B-4796-B93B-8F0AF6B28CA1}.Release|iPhone.ActiveCfg = Release|x86
		{E7383F60-2E2B-4796-B93B-8F0AF6B28CA1}.Release|iPhone.Build.0 = Release|x86
		{E7383F60-2E2B-4796-B93B-8F0AF6B28CA1}.Release|iPhone.Deploy.0 = Release|x86
		{E7383F60-2E2B-4796-B93B-8F0AF6B28CA1}.Release|iPhoneSimulator.ActiveCfg = Release|x86
		{E7383F60-2E2B-4796-B93B-8F0AF6B28CA1}.Release|iPhoneSimulator.Build.0 = Release|x86
		{E7383F60-2E2B-4796-B93B-8F0AF6B28CA1}.Release|iPhoneSimulator.Deploy.0 = Release|x86
		{E7383F60-2E2B-4796-B93B-8F0AF6B28CA1}.Release|x64.ActiveCfg = Release|x64
		{E7383F60-2E2B-4796-B93B-8F0AF6B28CA1}.Release|x64.Build.0 = Release|x64
		{E7383F60-2E2B-4796-B93B-8F0AF6B28CA1}.Release|x64.Deploy.0 = Release|x64
		{E7383F60-2E2B-4796-B93B-8F0AF6B28CA1}.Release|x86.ActiveCfg = Release|x86
		{E7383F60-2E2B-4796-B93B-8F0AF6B28CA1}.Release|x86.Build.0 = Release|x86
		{E7383F60-2E2B-4796-B93B-8F0AF6B28CA1}.Release|x86.Deploy.0 = Release|x86
		{38CC53EC-E946-4720-ABE7-B4731606ED3F}.Ad-Hoc|Any CPU.ActiveCfg = Debug|Any CPU
		{38CC53EC-E946-4720-ABE7-B4731606ED3F}.Ad-Hoc|Any CPU.Build.0 = Debug|Any CPU
		{38CC53EC-E946-4720-ABE7-B4731606ED3F}.Ad-Hoc|Any CPU.Deploy.0 = Debug|Any CPU
		{38CC53EC-E946-4720-ABE7-B4731606ED3F}.Ad-Hoc|ARM.ActiveCfg = Debug|Any CPU
		{38CC53EC-E946-4720-ABE7-B4731606ED3F}.Ad-Hoc|ARM.Build.0 = Debug|Any CPU
		{38CC53EC-E946-4720-ABE7-B4731606ED3F}.Ad-Hoc|ARM.Deploy.0 = Debug|Any CPU
		{38CC53EC-E946-4720-ABE7-B4731606ED3F}.Ad-Hoc|iPhone.ActiveCfg = Debug|Any CPU
		{38CC53EC-E946-4720-ABE7-B4731606ED3F}.Ad-Hoc|iPhone.Build.0 = Debug|Any CPU
		{38CC53EC-E946-4720-ABE7-B4731606ED3F}.Ad-Hoc|iPhone.Deploy.0 = Debug|Any CPU
		{38CC53EC-E946-4720-ABE7-B4731606ED3F}.Ad-Hoc|iPhoneSimulator.ActiveCfg = Debug|Any CPU
		{38CC53EC-E946-4720-ABE7-B4731606ED3F}.Ad-Hoc|iPhoneSimulator.Build.0 = Debug|Any CPU
		{38CC53EC-E946-4720-ABE7-B4731606ED3F}.Ad-Hoc|iPhoneSimulator.Deploy.0 = Debug|Any CPU
		{38CC53EC-E946-4720-ABE7-B4731606ED3F}.Ad-Hoc|x64.ActiveCfg = Debug|Any CPU
		{38CC53EC-E946-4720-ABE7-B4731606ED3F}.Ad-Hoc|x64.Build.0 = Debug|Any CPU
		{38CC53EC-E946-4720-ABE7-B4731606ED3F}.Ad-Hoc|x64.Deploy.0 = Debug|Any CPU
		{38CC53EC-E946-4720-ABE7-B4731606ED3F}.Ad-Hoc|x86.ActiveCfg = Debug|Any CPU
		{38CC53EC-E946-4720-ABE7-B4731606ED3F}.Ad-Hoc|x86.Build.0 = Debug|Any CPU
		{38CC53EC-E946-4720-ABE7-B4731606ED3F}.Ad-Hoc|x86.Deploy.0 = Debug|Any CPU
		{38CC53EC-E946-4720-ABE7-B4731606ED3F}.AppStore|Any CPU.ActiveCfg = Debug|Any CPU
		{38CC53EC-E946-4720-ABE7-B4731606ED3F}.AppStore|Any CPU.Build.0 = Debug|Any CPU
		{38CC53EC-E946-4720-ABE7-B4731606ED3F}.AppStore|Any CPU.Deploy.0 = Debug|Any CPU
		{38CC53EC-E946-4720-ABE7-B4731606ED3F}.AppStore|ARM.ActiveCfg = Debug|Any CPU
		{38CC53EC-E946-4720-ABE7-B4731606ED3F}.AppStore|ARM.Build.0 = Debug|Any CPU
		{38CC53EC-E946-4720-ABE7-B4731606ED3F}.AppStore|ARM.Deploy.0 = Debug|Any CPU
		{38CC53EC-E946-4720-ABE7-B4731606ED3F}.AppStore|iPhone.ActiveCfg = Debug|Any CPU
		{38CC53EC-E946-4720-ABE7-B4731606ED3F}.AppStore|iPhone.Build.0 = Debug|Any CPU
		{38CC53EC-E946-4720-ABE7-B4731606ED3F}.AppStore|iPhone.Deploy.0 = Debug|Any CPU
		{38CC53EC-E946-4720-ABE7-B4731606ED3F}.AppStore|iPhoneSimulator.ActiveCfg = Debug|Any CPU
		{38CC53EC-E946-4720-ABE7-B4731606ED3F}.AppStore|iPhoneSimulator.Build.0 = Debug|Any CPU
		{38CC53EC-E946-4720-ABE7-B4731606ED3F}.AppStore|iPhoneSimulator.Deploy.0 = Debug|Any CPU
		{38CC53EC-E946-4720-ABE7-B4731606ED3F}.AppStore|x64.ActiveCfg = Debug|Any CPU
		{38CC53EC-E946-4720-ABE7-B4731606ED3F}.AppStore|x64.Build.0 = Debug|Any CPU
		{38CC53EC-E946-4720-ABE7-B4731606ED3F}.AppStore|x64.Deploy.0 = Debug|Any CPU
		{38CC53EC-E946-4720-ABE7-B4731606ED3F}.AppStore|x86.ActiveCfg = Debug|Any CPU
		{38CC53EC-E946-4720-ABE7-B4731606ED3F}.AppStore|x86.Build.0 = Debug|Any CPU
		{38CC53EC-E946-4720-ABE7-B4731606ED3F}.AppStore|x86.Deploy.0 = Debug|Any CPU
		{38CC53EC-E946-4720-ABE7-B4731606ED3F}.Debug|Any CPU.ActiveCfg = Debug|Any CPU
		{38CC53EC-E946-4720-ABE7-B4731606ED3F}.Debug|Any CPU.Build.0 = Debug|Any CPU
		{38CC53EC-E946-4720-ABE7-B4731606ED3F}.Debug|Any CPU.Deploy.0 = Debug|Any CPU
		{38CC53EC-E946-4720-ABE7-B4731606ED3F}.Debug|ARM.ActiveCfg = Debug|Any CPU
		{38CC53EC-E946-4720-ABE7-B4731606ED3F}.Debug|ARM.Build.0 = Debug|Any CPU
		{38CC53EC-E946-4720-ABE7-B4731606ED3F}.Debug|ARM.Deploy.0 = Debug|Any CPU
		{38CC53EC-E946-4720-ABE7-B4731606ED3F}.Debug|iPhone.ActiveCfg = Debug|Any CPU
		{38CC53EC-E946-4720-ABE7-B4731606ED3F}.Debug|iPhone.Build.0 = Debug|Any CPU
		{38CC53EC-E946-4720-ABE7-B4731606ED3F}.Debug|iPhone.Deploy.0 = Debug|Any CPU
		{38CC53EC-E946-4720-ABE7-B4731606ED3F}.Debug|iPhoneSimulator.ActiveCfg = Debug|Any CPU
		{38CC53EC-E946-4720-ABE7-B4731606ED3F}.Debug|iPhoneSimulator.Build.0 = Debug|Any CPU
		{38CC53EC-E946-4720-ABE7-B4731606ED3F}.Debug|iPhoneSimulator.Deploy.0 = Debug|Any CPU
		{38CC53EC-E946-4720-ABE7-B4731606ED3F}.Debug|x64.ActiveCfg = Debug|Any CPU
		{38CC53EC-E946-4720-ABE7-B4731606ED3F}.Debug|x64.Build.0 = Debug|Any CPU
		{38CC53EC-E946-4720-ABE7-B4731606ED3F}.Debug|x64.Deploy.0 = Debug|Any CPU
		{38CC53EC-E946-4720-ABE7-B4731606ED3F}.Debug|x86.ActiveCfg = Debug|Any CPU
		{38CC53EC-E946-4720-ABE7-B4731606ED3F}.Debug|x86.Build.0 = Debug|Any CPU
		{38CC53EC-E946-4720-ABE7-B4731606ED3F}.Debug|x86.Deploy.0 = Debug|Any CPU
		{38CC53EC-E946-4720-ABE7-B4731606ED3F}.Release|Any CPU.ActiveCfg = Release|Any CPU
		{38CC53EC-E946-4720-ABE7-B4731606ED3F}.Release|Any CPU.Build.0 = Release|Any CPU
		{38CC53EC-E946-4720-ABE7-B4731606ED3F}.Release|Any CPU.Deploy.0 = Release|Any CPU
		{38CC53EC-E946-4720-ABE7-B4731606ED3F}.Release|ARM.ActiveCfg = Release|Any CPU
		{38CC53EC-E946-4720-ABE7-B4731606ED3F}.Release|ARM.Build.0 = Release|Any CPU
		{38CC53EC-E946-4720-ABE7-B4731606ED3F}.Release|ARM.Deploy.0 = Release|Any CPU
		{38CC53EC-E946-4720-ABE7-B4731606ED3F}.Release|iPhone.ActiveCfg = Release|Any CPU
		{38CC53EC-E946-4720-ABE7-B4731606ED3F}.Release|iPhone.Build.0 = Release|Any CPU
		{38CC53EC-E946-4720-ABE7-B4731606ED3F}.Release|iPhone.Deploy.0 = Release|Any CPU
		{38CC53EC-E946-4720-ABE7-B4731606ED3F}.Release|iPhoneSimulator.ActiveCfg = Release|Any CPU
		{38CC53EC-E946-4720-ABE7-B4731606ED3F}.Release|iPhoneSimulator.Build.0 = Release|Any CPU
		{38CC53EC-E946-4720-ABE7-B4731606ED3F}.Release|iPhoneSimulator.Deploy.0 = Release|Any CPU
		{38CC53EC-E946-4720-ABE7-B4731606ED3F}.Release|x64.ActiveCfg = Release|Any CPU
		{38CC53EC-E946-4720-ABE7-B4731606ED3F}.Release|x64.Build.0 = Release|Any CPU
		{38CC53EC-E946-4720-ABE7-B4731606ED3F}.Release|x64.Deploy.0 = Release|Any CPU
		{38CC53EC-E946-4720-ABE7-B4731606ED3F}.Release|x86.ActiveCfg = Release|Any CPU
		{38CC53EC-E946-4720-ABE7-B4731606ED3F}.Release|x86.Build.0 = Release|Any CPU
		{38CC53EC-E946-4720-ABE7-B4731606ED3F}.Release|x86.Deploy.0 = Release|Any CPU
	EndGlobalSection
	GlobalSection(SolutionProperties) = preSolution
		HideSolutionNode = FALSE
	EndGlobalSection
	GlobalSection(ExtensibilityGlobals) = postSolution
		SolutionGuid = {1EC1C8CF-A4DB-4DCB-A2CF-CAF395F3F655}
	EndGlobalSection
EndGlobal
